
Microsoft Visual Studio Solution File, Format Version 12.00
# Visual Studio Version 17
VisualStudioVersion = 17.3.32825.248
MinimumVisualStudioVersion = 10.0.40219.1
Project("{8BC9CEB8-8B4A-11D0-8D11-00A0C91BC942}") = "Task1", "Task1\Task1.vcxproj", "{8B84BA5C-1291-4F80-86CE-718D285BD4A6}"
EndProject
Project("{8BC9CEB8-8B4A-11D0-8D11-00A0C91BC942}") = "Task2", "Task2\Task2.vcxproj", "{4B6DCB15-9C02-4C88-A779-935B2BDD4496}"
EndProject
Project("{8BC9CEB8-8B4A-11D0-8D11-00A0C91BC942}") = "Task3", "Task3\Task3.vcxproj", "{6E7D4421-5B9F-4CF6-B57B-7BDE7804FB8E}"
EndProject
Project("{8BC9CEB8-8B4A-11D0-8D11-00A0C91BC942}") = "Task4", "Task4\Task4.vcxproj", "{C19319E0-F478-4B84-B43A-D440A6CCC4B1}"
EndProject
Project("{8BC9CEB8-8B4A-11D0-8D11-00A0C91BC942}") = "Task5", "Task5\Task5.vcxproj", "{1DAF4580-52E1-44C7-90E3-01D596F0953D}"
EndProject
Project("{8BC9CEB8-8B4A-11D0-8D11-00A0C91BC942}") = "Task6", "Task6\Task6.vcxproj", "{197C804B-18DF-42A1-B6D8-98E12C6D8A34}"
EndProject
Project("{8BC9CEB8-8B4A-11D0-8D11-00A0C91BC942}") = "Task7", "Task7\Task7.vcxproj", "{5F0F4816-68FB-443A-833E-20D57D51FD54}"
EndProject
Project("{8BC9CEB8-8B4A-11D0-8D11-00A0C91BC942}") = "Task8", "Task8\Task8.vcxproj", "{DA2A4D10-625A-4F89-A9AF-50A9B8833A84}"
EndProject
Project("{8BC9CEB8-8B4A-11D0-8D11-00A0C91BC942}") = "Task9", "Task9\Task9.vcxproj", "{FA869B43-83EA-44D0-B40A-5B7856BCC232}"
EndProject
Project("{8BC9CEB8-8B4A-11D0-8D11-00A0C91BC942}") = "Task10", "Task10\Task10.vcxproj", "{1A41977B-3AED-4C62-91DE-88407B27971E}"
EndProject
Global
	GlobalSection(SolutionConfigurationPlatforms) = preSolution
		Debug|x64 = Debug|x64
		Debug|x86 = Debug|x86
		Release|x64 = Release|x64
		Release|x86 = Release|x86
	EndGlobalSection
	GlobalSection(ProjectConfigurationPlatforms) = postSolution
		{8B84BA5C-1291-4F80-86CE-718D285BD4A6}.Debug|x64.ActiveCfg = Debug|x64
		{8B84BA5C-1291-4F80-86CE-718D285BD4A6}.Debug|x64.Build.0 = Debug|x64
		{8B84BA5C-1291-4F80-86CE-718D285BD4A6}.Debug|x86.ActiveCfg = Debug|Win32
		{8B84BA5C-1291-4F80-86CE-718D285BD4A6}.Debug|x86.Build.0 = Debug|Win32
		{8B84BA5C-1291-4F80-86CE-718D285BD4A6}.Release|x64.ActiveCfg = Release|x64
		{8B84BA5C-1291-4F80-86CE-718D285BD4A6}.Release|x64.Build.0 = Release|x64
		{8B84BA5C-1291-4F80-86CE-718D285BD4A6}.Release|x86.ActiveCfg = Release|Win32
		{8B84BA5C-1291-4F80-86CE-718D285BD4A6}.Release|x86.Build.0 = Release|Win32
		{4B6DCB15-9C02-4C88-A779-935B2BDD4496}.Debug|x64.ActiveCfg = Debug|x64
		{4B6DCB15-9C02-4C88-A779-935B2BDD4496}.Debug|x64.Build.0 = Debug|x64
		{4B6DCB15-9C02-4C88-A779-935B2BDD4496}.Debug|x86.ActiveCfg = Debug|Win32
		{4B6DCB15-9C02-4C88-A779-935B2BDD4496}.Debug|x86.Build.0 = Debug|Win32
		{4B6DCB15-9C02-4C88-A779-935B2BDD4496}.Release|x64.ActiveCfg = Release|x64
		{4B6DCB15-9C02-4C88-A779-935B2BDD4496}.Release|x64.Build.0 = Release|x64
		{4B6DCB15-9C02-4C88-A779-935B2BDD4496}.Release|x86.ActiveCfg = Release|Win32
		{4B6DCB15-9C02-4C88-A779-935B2BDD4496}.Release|x86.Build.0 = Release|Win32
		{6E7D4421-5B9F-4CF6-B57B-7BDE7804FB8E}.Debug|x64.ActiveCfg = Debug|x64
		{6E7D4421-5B9F-4CF6-B57B-7BDE7804FB8E}.Debug|x64.Build.0 = Debug|x64
		{6E7D4421-5B9F-4CF6-B57B-7BDE7804FB8E}.Debug|x86.ActiveCfg = Debug|Win32
		{6E7D4421-5B9F-4CF6-B57B-7BDE7804FB8E}.Debug|x86.Build.0 = Debug|Win32
		{6E7D4421-5B9F-4CF6-B57B-7BDE7804FB8E}.Release|x64.ActiveCfg = Release|x64
		{6E7D4421-5B9F-4CF6-B57B-7BDE7804FB8E}.Release|x64.Build.0 = Release|x64
		{6E7D4421-5B9F-4CF6-B57B-7BDE7804FB8E}.Release|x86.ActiveCfg = Release|Win32
		{6E7D4421-5B9F-4CF6-B57B-7BDE7804FB8E}.Release|x86.Build.0 = Release|Win32
		{C19319E0-F478-4B84-B43A-D440A6CCC4B1}.Debug|x64.ActiveCfg = Debug|x64
		{C19319E0-F478-4B84-B43A-D440A6CCC4B1}.Debug|x64.Build.0 = Debug|x64
		{C19319E0-F478-4B84-B43A-D440A6CCC4B1}.Debug|x86.ActiveCfg = Debug|Win32
		{C19319E0-F478-4B84-B43A-D440A6CCC4B1}.Debug|x86.Build.0 = Debug|Win32
		{C19319E0-F478-4B84-B43A-D440A6CCC4B1}.Release|x64.ActiveCfg = Release|x64
		{C19319E0-F478-4B84-B43A-D440A6CCC4B1}.Release|x64.Build.0 = Release|x64
		{C19319E0-F478-4B84-B43A-D440A6CCC4B1}.Release|x86.ActiveCfg = Release|Win32
		{C19319E0-F478-4B84-B43A-D440A6CCC4B1}.Release|x86.Build.0 = Release|Win32
		{1DAF4580-52E1-44C7-90E3-01D596F0953D}.Debug|x64.ActiveCfg = Debug|x64
		{1DAF4580-52E1-44C7-90E3-01D596F0953D}.Debug|x64.Build.0 = Debug|x64
		{1DAF4580-52E1-44C7-90E3-01D596F0953D}.Debug|x86.ActiveCfg = Debug|Win32
		{1DAF4580-52E1-44C7-90E3-01D596F0953D}.Debug|x86.Build.0 = Debug|Win32
		{1DAF4580-52E1-44C7-90E3-01D596F0953D}.Release|x64.ActiveCfg = Release|x64
		{1DAF4580-52E1-44C7-90E3-01D596F0953D}.Release|x64.Build.0 = Release|x64
		{1DAF4580-52E1-44C7-90E3-01D596F0953D}.Release|x86.ActiveCfg = Release|Win32
		{1DAF4580-52E1-44C7-90E3-01D596F0953D}.Release|x86.Build.0 = Release|Win32
		{197C804B-18DF-42A1-B6D8-98E12C6D8A34}.Debug|x64.ActiveCfg = Debug|x64
		{197C804B-18DF-42A1-B6D8-98E12C6D8A34}.Debug|x64.Build.0 = Debug|x64
		{197C804B-18DF-42A1-B6D8-98E12C6D8A34}.Debug|x86.ActiveCfg = Debug|Win32
		{197C804B-18DF-42A1-B6D8-98E12C6D8A34}.Debug|x86.Build.0 = Debug|Win32
		{197C804B-18DF-42A1-B6D8-98E12C6D8A34}.Release|x64.ActiveCfg = Release|x64
		{197C804B-18DF-42A1-B6D8-98E12C6D8A34}.Release|x64.Build.0 = Release|x64
		{197C804B-18DF-42A1-B6D8-98E12C6D8A34}.Release|x86.ActiveCfg = Release|Win32
		{197C804B-18DF-42A1-B6D8-98E12C6D8A34}.Release|x86.Build.0 = Release|Win32
		{5F0F4816-68FB-443A-833E-20D57D51FD54}.Debug|x64.ActiveCfg = Debug|x64
		{5F0F4816-68FB-443A-833E-20D57D51FD54}.Debug|x64.Build.0 = Debug|x64
		{5F0F4816-68FB-443A-833E-20D57D51FD54}.Debug|x86.ActiveCfg = Debug|Win32
		{5F0F4816-68FB-443A-833E-20D57D51FD54}.Debug|x86.Build.0 = Debug|Win32
		{5F0F4816-68FB-443A-833E-20D57D51FD54}.Release|x64.ActiveCfg = Release|x64
		{5F0F4816-68FB-443A-833E-20D57D51FD54}.Release|x64.Build.0 = Release|x64
		{5F0F4816-68FB-443A-833E-20D57D51FD54}.Release|x86.ActiveCfg = Release|Win32
		{5F0F4816-68FB-443A-833E-20D57D51FD54}.Release|x86.Build.0 = Release|Win32
		{DA2A4D10-625A-4F89-A9AF-50A9B8833A84}.Debug|x64.ActiveCfg = Debug|x64
		{DA2A4D10-625A-4F89-A9AF-50A9B8833A84}.Debug|x64.Build.0 = Debug|x64
		{DA2A4D10-625A-4F89-A9AF-50A9B8833A84}.Debug|x86.ActiveCfg = Debug|Win32
		{DA2A4D10-625A-4F89-A9AF-50A9B8833A84}.Debug|x86.Build.0 = Debug|Win32
		{DA2A4D10-625A-4F89-A9AF-50A9B8833A84}.Release|x64.ActiveCfg = Release|x64
		{DA2A4D10-625A-4F89-A9AF-50A9B8833A84}.Release|x64.Build.0 = Release|x64
		{DA2A4D10-625A-4F89-A9AF-50A9B8833A84}.Release|x86.ActiveCfg = Release|Win32
		{DA2A4D10-625A-4F89-A9AF-50A9B8833A84}.Release|x86.Build.0 = Release|Win32
		{FA869B43-83EA-44D0-B40A-5B7856BCC232}.Debug|x64.ActiveCfg = Debug|x64
		{FA869B43-83EA-44D0-B40A-5B7856BCC232}.Debug|x64.Build.0 = Debug|x64
		{FA869B43-83EA-44D0-B40A-5B7856BCC232}.Debug|x86.ActiveCfg = Debug|Win32
		{FA869B43-83EA-44D0-B40A-5B7856BCC232}.Debug|x86.Build.0 = Debug|Win32
		{FA869B43-83EA-44D0-B40A-5B7856BCC232}.Release|x64.ActiveCfg = Release|x64
		{FA869B43-83EA-44D0-B40A-5B7856BCC232}.Release|x64.Build.0 = Release|x64
		{FA869B43-83EA-44D0-B40A-5B7856BCC232}.Release|x86.ActiveCfg = Release|Win32
		{FA869B43-83EA-44D0-B40A-5B7856BCC232}.Release|x86.Build.0 = Release|Win32
		{1A41977B-3AED-4C62-91DE-88407B27971E}.Debug|x64.ActiveCfg = Debug|x64
		{1A41977B-3AED-4C62-91DE-88407B27971E}.Debug|x64.Build.0 = Debug|x64
		{1A41977B-3AED-4C62-91DE-88407B27971E}.Debug|x86.ActiveCfg = Debug|Win32
		{1A41977B-3AED-4C62-91DE-88407B27971E}.Debug|x86.Build.0 = Debug|Win32
		{1A41977B-3AED-4C62-91DE-88407B27971E}.Release|x64.ActiveCfg = Release|x64
		{1A41977B-3AED-4C62-91DE-88407B27971E}.Release|x64.Build.0 = Release|x64
		{1A41977B-3AED-4C62-91DE-88407B27971E}.Release|x86.ActiveCfg = Release|Win32
		{1A41977B-3AED-4C62-91DE-88407B27971E}.Release|x86.Build.0 = Release|Win32
	EndGlobalSection
	GlobalSection(SolutionProperties) = preSolution
		HideSolutionNode = FALSE
	EndGlobalSection
	GlobalSection(ExtensibilityGlobals) = postSolution
		SolutionGuid = {36314353-F78C-4460-B9FB-1D1D6628FA73}
	EndGlobalSection
EndGlobal
