
Microsoft Visual Studio Solution File, Format Version 12.00
# Visual Studio Version 17
VisualStudioVersion = 17.3.32825.248
MinimumVisualStudioVersion = 10.0.40219.1
Project("{8BC9CEB8-8B4A-11D0-8D11-00A0C91BC942}") = "Task1", "Task1\Task1.vcxproj", "{A6698DEA-4422-4EA4-85D4-AAE7F19DDCB2}"
EndProject
Project("{8BC9CEB8-8B4A-11D0-8D11-00A0C91BC942}") = "Task2", "Task2\Task2.vcxproj", "{7DFF3D52-3AA0-45B4-82F8-3BEDBA446D5B}"
EndProject
Project("{8BC9CEB8-8B4A-11D0-8D11-00A0C91BC942}") = "Task3", "Task3\Task3.vcxproj", "{92E68849-6AE1-4D6C-9F80-A813356F1E26}"
EndProject
Project("{8BC9CEB8-8B4A-11D0-8D11-00A0C91BC942}") = "Task4", "Task4\Task4.vcxproj", "{B6CA6723-CBF4-4943-85E3-B21C5D3C31B7}"
EndProject
Project("{8BC9CEB8-8B4A-11D0-8D11-00A0C91BC942}") = "Task5", "Task5\Task5.vcxproj", "{ACCEC17E-6DED-4995-8EB0-1267EEE81635}"
EndProject
Project("{8BC9CEB8-8B4A-11D0-8D11-00A0C91BC942}") = "Task6", "Task6\Task6.vcxproj", "{F01619D8-CA49-48FC-AF20-2248374D5697}"
EndProject
Project("{8BC9CEB8-8B4A-11D0-8D11-00A0C91BC942}") = "Task7", "Task7\Task7.vcxproj", "{3ADD2440-BEA1-40F7-81EE-1D78ECAEB10D}"
EndProject
Project("{8BC9CEB8-8B4A-11D0-8D11-00A0C91BC942}") = "Task8", "Task8\Task8.vcxproj", "{313FEC6D-ADA9-4DEB-A87E-88A929D8615C}"
EndProject
Project("{8BC9CEB8-8B4A-11D0-8D11-00A0C91BC942}") = "Task9", "Task9\Task9.vcxproj", "{B4AB4A95-50B7-409F-B843-BF607ACB3CA9}"
EndProject
Global
	GlobalSection(SolutionConfigurationPlatforms) = preSolution
		Debug|x64 = Debug|x64
		Debug|x86 = Debug|x86
		Release|x64 = Release|x64
		Release|x86 = Release|x86
	EndGlobalSection
	GlobalSection(ProjectConfigurationPlatforms) = postSolution
		{A6698DEA-4422-4EA4-85D4-AAE7F19DDCB2}.Debug|x64.ActiveCfg = Debug|x64
		{A6698DEA-4422-4EA4-85D4-AAE7F19DDCB2}.Debug|x64.Build.0 = Debug|x64
		{A6698DEA-4422-4EA4-85D4-AAE7F19DDCB2}.Debug|x86.ActiveCfg = Debug|Win32
		{A6698DEA-4422-4EA4-85D4-AAE7F19DDCB2}.Debug|x86.Build.0 = Debug|Win32
		{A6698DEA-4422-4EA4-85D4-AAE7F19DDCB2}.Release|x64.ActiveCfg = Release|x64
		{A6698DEA-4422-4EA4-85D4-AAE7F19DDCB2}.Release|x64.Build.0 = Release|x64
		{A6698DEA-4422-4EA4-85D4-AAE7F19DDCB2}.Release|x86.ActiveCfg = Release|Win32
		{A6698DEA-4422-4EA4-85D4-AAE7F19DDCB2}.Release|x86.Build.0 = Release|Win32
		{7DFF3D52-3AA0-45B4-82F8-3BEDBA446D5B}.Debug|x64.ActiveCfg = Debug|x64
		{7DFF3D52-3AA0-45B4-82F8-3BEDBA446D5B}.Debug|x64.Build.0 = Debug|x64
		{7DFF3D52-3AA0-45B4-82F8-3BEDBA446D5B}.Debug|x86.ActiveCfg = Debug|Win32
		{7DFF3D52-3AA0-45B4-82F8-3BEDBA446D5B}.Debug|x86.Build.0 = Debug|Win32
		{7DFF3D52-3AA0-45B4-82F8-3BEDBA446D5B}.Release|x64.ActiveCfg = Release|x64
		{7DFF3D52-3AA0-45B4-82F8-3BEDBA446D5B}.Release|x64.Build.0 = Release|x64
		{7DFF3D52-3AA0-45B4-82F8-3BEDBA446D5B}.Release|x86.ActiveCfg = Release|Win32
		{7DFF3D52-3AA0-45B4-82F8-3BEDBA446D5B}.Release|x86.Build.0 = Release|Win32
		{92E68849-6AE1-4D6C-9F80-A813356F1E26}.Debug|x64.ActiveCfg = Debug|x64
		{92E68849-6AE1-4D6C-9F80-A813356F1E26}.Debug|x64.Build.0 = Debug|x64
		{92E68849-6AE1-4D6C-9F80-A813356F1E26}.Debug|x86.ActiveCfg = Debug|Win32
		{92E68849-6AE1-4D6C-9F80-A813356F1E26}.Debug|x86.Build.0 = Debug|Win32
		{92E68849-6AE1-4D6C-9F80-A813356F1E26}.Release|x64.ActiveCfg = Release|x64
		{92E68849-6AE1-4D6C-9F80-A813356F1E26}.Release|x64.Build.0 = Release|x64
		{92E68849-6AE1-4D6C-9F80-A813356F1E26}.Release|x86.ActiveCfg = Release|Win32
		{92E68849-6AE1-4D6C-9F80-A813356F1E26}.Release|x86.Build.0 = Release|Win32
		{B6CA6723-CBF4-4943-85E3-B21C5D3C31B7}.Debug|x64.ActiveCfg = Debug|x64
		{B6CA6723-CBF4-4943-85E3-B21C5D3C31B7}.Debug|x64.Build.0 = Debug|x64
		{B6CA6723-CBF4-4943-85E3-B21C5D3C31B7}.Debug|x86.ActiveCfg = Debug|Win32
		{B6CA6723-CBF4-4943-85E3-B21C5D3C31B7}.Debug|x86.Build.0 = Debug|Win32
		{B6CA6723-CBF4-4943-85E3-B21C5D3C31B7}.Release|x64.ActiveCfg = Release|x64
		{B6CA6723-CBF4-4943-85E3-B21C5D3C31B7}.Release|x64.Build.0 = Release|x64
		{B6CA6723-CBF4-4943-85E3-B21C5D3C31B7}.Release|x86.ActiveCfg = Release|Win32
		{B6CA6723-CBF4-4943-85E3-B21C5D3C31B7}.Release|x86.Build.0 = Release|Win32
		{ACCEC17E-6DED-4995-8EB0-1267EEE81635}.Debug|x64.ActiveCfg = Debug|x64
		{ACCEC17E-6DED-4995-8EB0-1267EEE81635}.Debug|x64.Build.0 = Debug|x64
		{ACCEC17E-6DED-4995-8EB0-1267EEE81635}.Debug|x86.ActiveCfg = Debug|Win32
		{ACCEC17E-6DED-4995-8EB0-1267EEE81635}.Debug|x86.Build.0 = Debug|Win32
		{ACCEC17E-6DED-4995-8EB0-1267EEE81635}.Release|x64.ActiveCfg = Release|x64
		{ACCEC17E-6DED-4995-8EB0-1267EEE81635}.Release|x64.Build.0 = Release|x64
		{ACCEC17E-6DED-4995-8EB0-1267EEE81635}.Release|x86.ActiveCfg = Release|Win32
		{ACCEC17E-6DED-4995-8EB0-1267EEE81635}.Release|x86.Build.0 = Release|Win32
		{F01619D8-CA49-48FC-AF20-2248374D5697}.Debug|x64.ActiveCfg = Debug|x64
		{F01619D8-CA49-48FC-AF20-2248374D5697}.Debug|x64.Build.0 = Debug|x64
		{F01619D8-CA49-48FC-AF20-2248374D5697}.Debug|x86.ActiveCfg = Debug|Win32
		{F01619D8-CA49-48FC-AF20-2248374D5697}.Debug|x86.Build.0 = Debug|Win32
		{F01619D8-CA49-48FC-AF20-2248374D5697}.Release|x64.ActiveCfg = Release|x64
		{F01619D8-CA49-48FC-AF20-2248374D5697}.Release|x64.Build.0 = Release|x64
		{F01619D8-CA49-48FC-AF20-2248374D5697}.Release|x86.ActiveCfg = Release|Win32
		{F01619D8-CA49-48FC-AF20-2248374D5697}.Release|x86.Build.0 = Release|Win32
		{3ADD2440-BEA1-40F7-81EE-1D78ECAEB10D}.Debug|x64.ActiveCfg = Debug|x64
		{3ADD2440-BEA1-40F7-81EE-1D78ECAEB10D}.Debug|x64.Build.0 = Debug|x64
		{3ADD2440-BEA1-40F7-81EE-1D78ECAEB10D}.Debug|x86.ActiveCfg = Debug|Win32
		{3ADD2440-BEA1-40F7-81EE-1D78ECAEB10D}.Debug|x86.Build.0 = Debug|Win32
		{3ADD2440-BEA1-40F7-81EE-1D78ECAEB10D}.Release|x64.ActiveCfg = Release|x64
		{3ADD2440-BEA1-40F7-81EE-1D78ECAEB10D}.Release|x64.Build.0 = Release|x64
		{3ADD2440-BEA1-40F7-81EE-1D78ECAEB10D}.Release|x86.ActiveCfg = Release|Win32
		{3ADD2440-BEA1-40F7-81EE-1D78ECAEB10D}.Release|x86.Build.0 = Release|Win32
		{313FEC6D-ADA9-4DEB-A87E-88A929D8615C}.Debug|x64.ActiveCfg = Debug|x64
		{313FEC6D-ADA9-4DEB-A87E-88A929D8615C}.Debug|x64.Build.0 = Debug|x64
		{313FEC6D-ADA9-4DEB-A87E-88A929D8615C}.Debug|x86.ActiveCfg = Debug|Win32
		{313FEC6D-ADA9-4DEB-A87E-88A929D8615C}.Debug|x86.Build.0 = Debug|Win32
		{313FEC6D-ADA9-4DEB-A87E-88A929D8615C}.Release|x64.ActiveCfg = Release|x64
		{313FEC6D-ADA9-4DEB-A87E-88A929D8615C}.Release|x64.Build.0 = Release|x64
		{313FEC6D-ADA9-4DEB-A87E-88A929D8615C}.Release|x86.ActiveCfg = Release|Win32
		{313FEC6D-ADA9-4DEB-A87E-88A929D8615C}.Release|x86.Build.0 = Release|Win32
		{B4AB4A95-50B7-409F-B843-BF607ACB3CA9}.Debug|x64.ActiveCfg = Debug|x64
		{B4AB4A95-50B7-409F-B843-BF607ACB3CA9}.Debug|x64.Build.0 = Debug|x64
		{B4AB4A95-50B7-409F-B843-BF607ACB3CA9}.Debug|x86.ActiveCfg = Debug|Win32
		{B4AB4A95-50B7-409F-B843-BF607ACB3CA9}.Debug|x86.Build.0 = Debug|Win32
		{B4AB4A95-50B7-409F-B843-BF607ACB3CA9}.Release|x64.ActiveCfg = Release|x64
		{B4AB4A95-50B7-409F-B843-BF607ACB3CA9}.Release|x64.Build.0 = Release|x64
		{B4AB4A95-50B7-409F-B843-BF607ACB3CA9}.Release|x86.ActiveCfg = Release|Win32
		{B4AB4A95-50B7-409F-B843-BF607ACB3CA9}.Release|x86.Build.0 = Release|Win32
	EndGlobalSection
	GlobalSection(SolutionProperties) = preSolution
		HideSolutionNode = FALSE
	EndGlobalSection
	GlobalSection(ExtensibilityGlobals) = postSolution
		SolutionGuid = {C6BFA1AD-C523-4F48-AC21-B16379E5285A}
	EndGlobalSection
EndGlobal
