
Microsoft Visual Studio Solution File, Format Version 12.00
# Visual Studio Version 17
VisualStudioVersion = 17.3.32825.248
MinimumVisualStudioVersion = 10.0.40219.1
Project("{8BC9CEB8-8B4A-11D0-8D11-00A0C91BC942}") = "Task1", "Task1\Task1.vcxproj", "{2C84E6EA-99FC-45A5-9D20-00BB1F33FE82}"
EndProject
Project("{8BC9CEB8-8B4A-11D0-8D11-00A0C91BC942}") = "Task2", "Task2\Task2.vcxproj", "{5366553E-3C87-459F-BF49-41D613F425C6}"
EndProject
Project("{8BC9CEB8-8B4A-11D0-8D11-00A0C91BC942}") = "Task3", "Task3\Task3.vcxproj", "{9EC642E2-5B8E-4A34-8D83-25FBAD5804B7}"
EndProject
Global
	GlobalSection(SolutionConfigurationPlatforms) = preSolution
		Debug|x64 = Debug|x64
		Debug|x86 = Debug|x86
		Release|x64 = Release|x64
		Release|x86 = Release|x86
	EndGlobalSection
	GlobalSection(ProjectConfigurationPlatforms) = postSolution
		{2C84E6EA-99FC-45A5-9D20-00BB1F33FE82}.Debug|x64.ActiveCfg = Debug|x64
		{2C84E6EA-99FC-45A5-9D20-00BB1F33FE82}.Debug|x64.Build.0 = Debug|x64
		{2C84E6EA-99FC-45A5-9D20-00BB1F33FE82}.Debug|x86.ActiveCfg = Debug|Win32
		{2C84E6EA-99FC-45A5-9D20-00BB1F33FE82}.Debug|x86.Build.0 = Debug|Win32
		{2C84E6EA-99FC-45A5-9D20-00BB1F33FE82}.Release|x64.ActiveCfg = Release|x64
		{2C84E6EA-99FC-45A5-9D20-00BB1F33FE82}.Release|x64.Build.0 = Release|x64
		{2C84E6EA-99FC-45A5-9D20-00BB1F33FE82}.Release|x86.ActiveCfg = Release|Win32
		{2C84E6EA-99FC-45A5-9D20-00BB1F33FE82}.Release|x86.Build.0 = Release|Win32
		{5366553E-3C87-459F-BF49-41D613F425C6}.Debug|x64.ActiveCfg = Debug|x64
		{5366553E-3C87-459F-BF49-41D613F425C6}.Debug|x64.Build.0 = Debug|x64
		{5366553E-3C87-459F-BF49-41D613F425C6}.Debug|x86.ActiveCfg = Debug|Win32
		{5366553E-3C87-459F-BF49-41D613F425C6}.Debug|x86.Build.0 = Debug|Win32
		{5366553E-3C87-459F-BF49-41D613F425C6}.Release|x64.ActiveCfg = Release|x64
		{5366553E-3C87-459F-BF49-41D613F425C6}.Release|x64.Build.0 = Release|x64
		{5366553E-3C87-459F-BF49-41D613F425C6}.Release|x86.ActiveCfg = Release|Win32
		{5366553E-3C87-459F-BF49-41D613F425C6}.Release|x86.Build.0 = Release|Win32
		{9EC642E2-5B8E-4A34-8D83-25FBAD5804B7}.Debug|x64.ActiveCfg = Debug|x64
		{9EC642E2-5B8E-4A34-8D83-25FBAD5804B7}.Debug|x64.Build.0 = Debug|x64
		{9EC642E2-5B8E-4A34-8D83-25FBAD5804B7}.Debug|x86.ActiveCfg = Debug|Win32
		{9EC642E2-5B8E-4A34-8D83-25FBAD5804B7}.Debug|x86.Build.0 = Debug|Win32
		{9EC642E2-5B8E-4A34-8D83-25FBAD5804B7}.Release|x64.ActiveCfg = Release|x64
		{9EC642E2-5B8E-4A34-8D83-25FBAD5804B7}.Release|x64.Build.0 = Release|x64
		{9EC642E2-5B8E-4A34-8D83-25FBAD5804B7}.Release|x86.ActiveCfg = Release|Win32
		{9EC642E2-5B8E-4A34-8D83-25FBAD5804B7}.Release|x86.Build.0 = Release|Win32
	EndGlobalSection
	GlobalSection(SolutionProperties) = preSolution
		HideSolutionNode = FALSE
	EndGlobalSection
	GlobalSection(ExtensibilityGlobals) = postSolution
		SolutionGuid = {86096B01-E00C-4B9F-AA1E-386E3C0CCD99}
	EndGlobalSection
EndGlobal
