
Microsoft Visual Studio Solution File, Format Version 12.00
# Visual Studio Version 17
VisualStudioVersion = 17.3.32825.248
MinimumVisualStudioVersion = 10.0.40219.1
Project("{8BC9CEB8-8B4A-11D0-8D11-00A0C91BC942}") = "Task1", "Task1\Task1.vcxproj", "{2ADE5B4B-2945-42C7-A28B-9CA0B7FC01D7}"
EndProject
Project("{8BC9CEB8-8B4A-11D0-8D11-00A0C91BC942}") = "Task2", "Task2\Task2\Task2.vcxproj", "{42FCB649-0771-455B-9F4B-9F684DCF51A4}"
EndProject
Project("{8BC9CEB8-8B4A-11D0-8D11-00A0C91BC942}") = "Task3", "Task3\Task3.vcxproj", "{5CA4DF48-B92E-481E-AFB6-B8BBFC9DBD30}"
EndProject
Project("{8BC9CEB8-8B4A-11D0-8D11-00A0C91BC942}") = "Task4", "Task4\Task4.vcxproj", "{189C97CF-921C-4501-871E-E0B325D60E83}"
EndProject
Project("{8BC9CEB8-8B4A-11D0-8D11-00A0C91BC942}") = "Task5", "Task5\Task5.vcxproj", "{A0BEF54B-A221-482B-845B-00C956F3A0A3}"
EndProject
Project("{8BC9CEB8-8B4A-11D0-8D11-00A0C91BC942}") = "Task6", "Task6\Task6.vcxproj", "{09691077-BDC0-4259-B4BF-AFD5496C480D}"
EndProject
Project("{8BC9CEB8-8B4A-11D0-8D11-00A0C91BC942}") = "Task7", "Task7\Task7.vcxproj", "{78E50955-72AF-47B2-8D44-AAD02B9C3E53}"
EndProject
Project("{8BC9CEB8-8B4A-11D0-8D11-00A0C91BC942}") = "Task8", "Task8\Task8.vcxproj", "{A2D2EAD5-AD54-4790-A742-E6663A7155ED}"
EndProject
Project("{8BC9CEB8-8B4A-11D0-8D11-00A0C91BC942}") = "Task9", "Task9\Task9.vcxproj", "{D905BC4E-3DAD-411A-B3F5-38971079BE29}"
EndProject
Project("{8BC9CEB8-8B4A-11D0-8D11-00A0C91BC942}") = "Task10", "Task10\Task10.vcxproj", "{86880783-65EC-4AEE-B6A4-954395DE58F9}"
EndProject
Global
	GlobalSection(SolutionConfigurationPlatforms) = preSolution
		Debug|x64 = Debug|x64
		Debug|x86 = Debug|x86
		Release|x64 = Release|x64
		Release|x86 = Release|x86
	EndGlobalSection
	GlobalSection(ProjectConfigurationPlatforms) = postSolution
		{2ADE5B4B-2945-42C7-A28B-9CA0B7FC01D7}.Debug|x64.ActiveCfg = Debug|x64
		{2ADE5B4B-2945-42C7-A28B-9CA0B7FC01D7}.Debug|x64.Build.0 = Debug|x64
		{2ADE5B4B-2945-42C7-A28B-9CA0B7FC01D7}.Debug|x86.ActiveCfg = Debug|Win32
		{2ADE5B4B-2945-42C7-A28B-9CA0B7FC01D7}.Debug|x86.Build.0 = Debug|Win32
		{2ADE5B4B-2945-42C7-A28B-9CA0B7FC01D7}.Release|x64.ActiveCfg = Release|x64
		{2ADE5B4B-2945-42C7-A28B-9CA0B7FC01D7}.Release|x64.Build.0 = Release|x64
		{2ADE5B4B-2945-42C7-A28B-9CA0B7FC01D7}.Release|x86.ActiveCfg = Release|Win32
		{2ADE5B4B-2945-42C7-A28B-9CA0B7FC01D7}.Release|x86.Build.0 = Release|Win32
		{42FCB649-0771-455B-9F4B-9F684DCF51A4}.Debug|x64.ActiveCfg = Debug|x64
		{42FCB649-0771-455B-9F4B-9F684DCF51A4}.Debug|x64.Build.0 = Debug|x64
		{42FCB649-0771-455B-9F4B-9F684DCF51A4}.Debug|x86.ActiveCfg = Debug|Win32
		{42FCB649-0771-455B-9F4B-9F684DCF51A4}.Debug|x86.Build.0 = Debug|Win32
		{42FCB649-0771-455B-9F4B-9F684DCF51A4}.Release|x64.ActiveCfg = Release|x64
		{42FCB649-0771-455B-9F4B-9F684DCF51A4}.Release|x64.Build.0 = Release|x64
		{42FCB649-0771-455B-9F4B-9F684DCF51A4}.Release|x86.ActiveCfg = Release|Win32
		{42FCB649-0771-455B-9F4B-9F684DCF51A4}.Release|x86.Build.0 = Release|Win32
		{5CA4DF48-B92E-481E-AFB6-B8BBFC9DBD30}.Debug|x64.ActiveCfg = Debug|x64
		{5CA4DF48-B92E-481E-AFB6-B8BBFC9DBD30}.Debug|x64.Build.0 = Debug|x64
		{5CA4DF48-B92E-481E-AFB6-B8BBFC9DBD30}.Debug|x86.ActiveCfg = Debug|Win32
		{5CA4DF48-B92E-481E-AFB6-B8BBFC9DBD30}.Debug|x86.Build.0 = Debug|Win32
		{5CA4DF48-B92E-481E-AFB6-B8BBFC9DBD30}.Release|x64.ActiveCfg = Release|x64
		{5CA4DF48-B92E-481E-AFB6-B8BBFC9DBD30}.Release|x64.Build.0 = Release|x64
		{5CA4DF48-B92E-481E-AFB6-B8BBFC9DBD30}.Release|x86.ActiveCfg = Release|Win32
		{5CA4DF48-B92E-481E-AFB6-B8BBFC9DBD30}.Release|x86.Build.0 = Release|Win32
		{189C97CF-921C-4501-871E-E0B325D60E83}.Debug|x64.ActiveCfg = Debug|x64
		{189C97CF-921C-4501-871E-E0B325D60E83}.Debug|x64.Build.0 = Debug|x64
		{189C97CF-921C-4501-871E-E0B325D60E83}.Debug|x86.ActiveCfg = Debug|Win32
		{189C97CF-921C-4501-871E-E0B325D60E83}.Debug|x86.Build.0 = Debug|Win32
		{189C97CF-921C-4501-871E-E0B325D60E83}.Release|x64.ActiveCfg = Release|x64
		{189C97CF-921C-4501-871E-E0B325D60E83}.Release|x64.Build.0 = Release|x64
		{189C97CF-921C-4501-871E-E0B325D60E83}.Release|x86.ActiveCfg = Release|Win32
		{189C97CF-921C-4501-871E-E0B325D60E83}.Release|x86.Build.0 = Release|Win32
		{A0BEF54B-A221-482B-845B-00C956F3A0A3}.Debug|x64.ActiveCfg = Debug|x64
		{A0BEF54B-A221-482B-845B-00C956F3A0A3}.Debug|x64.Build.0 = Debug|x64
		{A0BEF54B-A221-482B-845B-00C956F3A0A3}.Debug|x86.ActiveCfg = Debug|Win32
		{A0BEF54B-A221-482B-845B-00C956F3A0A3}.Debug|x86.Build.0 = Debug|Win32
		{A0BEF54B-A221-482B-845B-00C956F3A0A3}.Release|x64.ActiveCfg = Release|x64
		{A0BEF54B-A221-482B-845B-00C956F3A0A3}.Release|x64.Build.0 = Release|x64
		{A0BEF54B-A221-482B-845B-00C956F3A0A3}.Release|x86.ActiveCfg = Release|Win32
		{A0BEF54B-A221-482B-845B-00C956F3A0A3}.Release|x86.Build.0 = Release|Win32
		{09691077-BDC0-4259-B4BF-AFD5496C480D}.Debug|x64.ActiveCfg = Debug|x64
		{09691077-BDC0-4259-B4BF-AFD5496C480D}.Debug|x64.Build.0 = Debug|x64
		{09691077-BDC0-4259-B4BF-AFD5496C480D}.Debug|x86.ActiveCfg = Debug|Win32
		{09691077-BDC0-4259-B4BF-AFD5496C480D}.Debug|x86.Build.0 = Debug|Win32
		{09691077-BDC0-4259-B4BF-AFD5496C480D}.Release|x64.ActiveCfg = Release|x64
		{09691077-BDC0-4259-B4BF-AFD5496C480D}.Release|x64.Build.0 = Release|x64
		{09691077-BDC0-4259-B4BF-AFD5496C480D}.Release|x86.ActiveCfg = Release|Win32
		{09691077-BDC0-4259-B4BF-AFD5496C480D}.Release|x86.Build.0 = Release|Win32
		{78E50955-72AF-47B2-8D44-AAD02B9C3E53}.Debug|x64.ActiveCfg = Debug|x64
		{78E50955-72AF-47B2-8D44-AAD02B9C3E53}.Debug|x64.Build.0 = Debug|x64
		{78E50955-72AF-47B2-8D44-AAD02B9C3E53}.Debug|x86.ActiveCfg = Debug|Win32
		{78E50955-72AF-47B2-8D44-AAD02B9C3E53}.Debug|x86.Build.0 = Debug|Win32
		{78E50955-72AF-47B2-8D44-AAD02B9C3E53}.Release|x64.ActiveCfg = Release|x64
		{78E50955-72AF-47B2-8D44-AAD02B9C3E53}.Release|x64.Build.0 = Release|x64
		{78E50955-72AF-47B2-8D44-AAD02B9C3E53}.Release|x86.ActiveCfg = Release|Win32
		{78E50955-72AF-47B2-8D44-AAD02B9C3E53}.Release|x86.Build.0 = Release|Win32
		{A2D2EAD5-AD54-4790-A742-E6663A7155ED}.Debug|x64.ActiveCfg = Debug|x64
		{A2D2EAD5-AD54-4790-A742-E6663A7155ED}.Debug|x64.Build.0 = Debug|x64
		{A2D2EAD5-AD54-4790-A742-E6663A7155ED}.Debug|x86.ActiveCfg = Debug|Win32
		{A2D2EAD5-AD54-4790-A742-E6663A7155ED}.Debug|x86.Build.0 = Debug|Win32
		{A2D2EAD5-AD54-4790-A742-E6663A7155ED}.Release|x64.ActiveCfg = Release|x64
		{A2D2EAD5-AD54-4790-A742-E6663A7155ED}.Release|x64.Build.0 = Release|x64
		{A2D2EAD5-AD54-4790-A742-E6663A7155ED}.Release|x86.ActiveCfg = Release|Win32
		{A2D2EAD5-AD54-4790-A742-E6663A7155ED}.Release|x86.Build.0 = Release|Win32
		{D905BC4E-3DAD-411A-B3F5-38971079BE29}.Debug|x64.ActiveCfg = Debug|x64
		{D905BC4E-3DAD-411A-B3F5-38971079BE29}.Debug|x64.Build.0 = Debug|x64
		{D905BC4E-3DAD-411A-B3F5-38971079BE29}.Debug|x86.ActiveCfg = Debug|Win32
		{D905BC4E-3DAD-411A-B3F5-38971079BE29}.Debug|x86.Build.0 = Debug|Win32
		{D905BC4E-3DAD-411A-B3F5-38971079BE29}.Release|x64.ActiveCfg = Release|x64
		{D905BC4E-3DAD-411A-B3F5-38971079BE29}.Release|x64.Build.0 = Release|x64
		{D905BC4E-3DAD-411A-B3F5-38971079BE29}.Release|x86.ActiveCfg = Release|Win32
		{D905BC4E-3DAD-411A-B3F5-38971079BE29}.Release|x86.Build.0 = Release|Win32
		{86880783-65EC-4AEE-B6A4-954395DE58F9}.Debug|x64.ActiveCfg = Debug|x64
		{86880783-65EC-4AEE-B6A4-954395DE58F9}.Debug|x64.Build.0 = Debug|x64
		{86880783-65EC-4AEE-B6A4-954395DE58F9}.Debug|x86.ActiveCfg = Debug|Win32
		{86880783-65EC-4AEE-B6A4-954395DE58F9}.Debug|x86.Build.0 = Debug|Win32
		{86880783-65EC-4AEE-B6A4-954395DE58F9}.Release|x64.ActiveCfg = Release|x64
		{86880783-65EC-4AEE-B6A4-954395DE58F9}.Release|x64.Build.0 = Release|x64
		{86880783-65EC-4AEE-B6A4-954395DE58F9}.Release|x86.ActiveCfg = Release|Win32
		{86880783-65EC-4AEE-B6A4-954395DE58F9}.Release|x86.Build.0 = Release|Win32
	EndGlobalSection
	GlobalSection(SolutionProperties) = preSolution
		HideSolutionNode = FALSE
	EndGlobalSection
	GlobalSection(ExtensibilityGlobals) = postSolution
		SolutionGuid = {D8392838-71F2-44E8-B0A6-E462D01F1F0C}
	EndGlobalSection
EndGlobal
