
Microsoft Visual Studio Solution File, Format Version 12.00
# Visual Studio Version 17
VisualStudioVersion = 17.3.32825.248
MinimumVisualStudioVersion = 10.0.40219.1
Project("{8BC9CEB8-8B4A-11D0-8D11-00A0C91BC942}") = "Task1", "Task1\Task1.vcxproj", "{9F9A019B-DE96-4054-9C18-A8E70DF3C68F}"
EndProject
Project("{8BC9CEB8-8B4A-11D0-8D11-00A0C91BC942}") = "Task2", "Task2\Task2.vcxproj", "{45D604B8-4977-4137-8013-5415402F8DAA}"
EndProject
Project("{8BC9CEB8-8B4A-11D0-8D11-00A0C91BC942}") = "Task3", "Task3\Task3.vcxproj", "{C1CD5ABA-14AC-4D11-9ECE-3CA3C1F314A6}"
EndProject
Project("{8BC9CEB8-8B4A-11D0-8D11-00A0C91BC942}") = "Task4", "Task4\Task4.vcxproj", "{1F73CE15-746F-497B-AC42-41B43F5AC74B}"
EndProject
Project("{8BC9CEB8-8B4A-11D0-8D11-00A0C91BC942}") = "Task5", "Task5\Task5.vcxproj", "{BD0457FB-484F-4B93-8ADF-C83F58F4D7F8}"
EndProject
Global
	GlobalSection(SolutionConfigurationPlatforms) = preSolution
		Debug|x64 = Debug|x64
		Debug|x86 = Debug|x86
		Release|x64 = Release|x64
		Release|x86 = Release|x86
	EndGlobalSection
	GlobalSection(ProjectConfigurationPlatforms) = postSolution
		{9F9A019B-DE96-4054-9C18-A8E70DF3C68F}.Debug|x64.ActiveCfg = Debug|x64
		{9F9A019B-DE96-4054-9C18-A8E70DF3C68F}.Debug|x64.Build.0 = Debug|x64
		{9F9A019B-DE96-4054-9C18-A8E70DF3C68F}.Debug|x86.ActiveCfg = Debug|Win32
		{9F9A019B-DE96-4054-9C18-A8E70DF3C68F}.Debug|x86.Build.0 = Debug|Win32
		{9F9A019B-DE96-4054-9C18-A8E70DF3C68F}.Release|x64.ActiveCfg = Release|x64
		{9F9A019B-DE96-4054-9C18-A8E70DF3C68F}.Release|x64.Build.0 = Release|x64
		{9F9A019B-DE96-4054-9C18-A8E70DF3C68F}.Release|x86.ActiveCfg = Release|Win32
		{9F9A019B-DE96-4054-9C18-A8E70DF3C68F}.Release|x86.Build.0 = Release|Win32
		{45D604B8-4977-4137-8013-5415402F8DAA}.Debug|x64.ActiveCfg = Debug|x64
		{45D604B8-4977-4137-8013-5415402F8DAA}.Debug|x64.Build.0 = Debug|x64
		{45D604B8-4977-4137-8013-5415402F8DAA}.Debug|x86.ActiveCfg = Debug|Win32
		{45D604B8-4977-4137-8013-5415402F8DAA}.Debug|x86.Build.0 = Debug|Win32
		{45D604B8-4977-4137-8013-5415402F8DAA}.Release|x64.ActiveCfg = Release|x64
		{45D604B8-4977-4137-8013-5415402F8DAA}.Release|x64.Build.0 = Release|x64
		{45D604B8-4977-4137-8013-5415402F8DAA}.Release|x86.ActiveCfg = Release|Win32
		{45D604B8-4977-4137-8013-5415402F8DAA}.Release|x86.Build.0 = Release|Win32
		{C1CD5ABA-14AC-4D11-9ECE-3CA3C1F314A6}.Debug|x64.ActiveCfg = Debug|x64
		{C1CD5ABA-14AC-4D11-9ECE-3CA3C1F314A6}.Debug|x64.Build.0 = Debug|x64
		{C1CD5ABA-14AC-4D11-9ECE-3CA3C1F314A6}.Debug|x86.ActiveCfg = Debug|Win32
		{C1CD5ABA-14AC-4D11-9ECE-3CA3C1F314A6}.Debug|x86.Build.0 = Debug|Win32
		{C1CD5ABA-14AC-4D11-9ECE-3CA3C1F314A6}.Release|x64.ActiveCfg = Release|x64
		{C1CD5ABA-14AC-4D11-9ECE-3CA3C1F314A6}.Release|x64.Build.0 = Release|x64
		{C1CD5ABA-14AC-4D11-9ECE-3CA3C1F314A6}.Release|x86.ActiveCfg = Release|Win32
		{C1CD5ABA-14AC-4D11-9ECE-3CA3C1F314A6}.Release|x86.Build.0 = Release|Win32
		{1F73CE15-746F-497B-AC42-41B43F5AC74B}.Debug|x64.ActiveCfg = Debug|x64
		{1F73CE15-746F-497B-AC42-41B43F5AC74B}.Debug|x64.Build.0 = Debug|x64
		{1F73CE15-746F-497B-AC42-41B43F5AC74B}.Debug|x86.ActiveCfg = Debug|Win32
		{1F73CE15-746F-497B-AC42-41B43F5AC74B}.Debug|x86.Build.0 = Debug|Win32
		{1F73CE15-746F-497B-AC42-41B43F5AC74B}.Release|x64.ActiveCfg = Release|x64
		{1F73CE15-746F-497B-AC42-41B43F5AC74B}.Release|x64.Build.0 = Release|x64
		{1F73CE15-746F-497B-AC42-41B43F5AC74B}.Release|x86.ActiveCfg = Release|Win32
		{1F73CE15-746F-497B-AC42-41B43F5AC74B}.Release|x86.Build.0 = Release|Win32
		{BD0457FB-484F-4B93-8ADF-C83F58F4D7F8}.Debug|x64.ActiveCfg = Debug|x64
		{BD0457FB-484F-4B93-8ADF-C83F58F4D7F8}.Debug|x64.Build.0 = Debug|x64
		{BD0457FB-484F-4B93-8ADF-C83F58F4D7F8}.Debug|x86.ActiveCfg = Debug|Win32
		{BD0457FB-484F-4B93-8ADF-C83F58F4D7F8}.Debug|x86.Build.0 = Debug|Win32
		{BD0457FB-484F-4B93-8ADF-C83F58F4D7F8}.Release|x64.ActiveCfg = Release|x64
		{BD0457FB-484F-4B93-8ADF-C83F58F4D7F8}.Release|x64.Build.0 = Release|x64
		{BD0457FB-484F-4B93-8ADF-C83F58F4D7F8}.Release|x86.ActiveCfg = Release|Win32
		{BD0457FB-484F-4B93-8ADF-C83F58F4D7F8}.Release|x86.Build.0 = Release|Win32
	EndGlobalSection
	GlobalSection(SolutionProperties) = preSolution
		HideSolutionNode = FALSE
	EndGlobalSection
	GlobalSection(ExtensibilityGlobals) = postSolution
		SolutionGuid = {39574278-E8D6-4F57-8550-B4E4D822A517}
	EndGlobalSection
EndGlobal
